
Microsoft Visual Studio Solution File, Format Version 12.00
# Visual Studio Version 16
VisualStudioVersion = 16.0.30204.135
MinimumVisualStudioVersion = 10.0.40219.1
Project("{9A19103F-16F7-4668-BE54-9A1E7A4F7556}") = "ui.portal.jenn", "ui.portal.jenn\ui.portal.jenn.csproj", "{837C879B-A18D-4266-AF36-FC2911CA1394}"
EndProject
Global
	GlobalSection(SolutionConfigurationPlatforms) = preSolution
		Debug|Any CPU = Debug|Any CPU
		Release|Any CPU = Release|Any CPU
	EndGlobalSection
	GlobalSection(ProjectConfigurationPlatforms) = postSolution
		{837C879B-A18D-4266-AF36-FC2911CA1394}.Debug|Any CPU.ActiveCfg = Debug|Any CPU
		{837C879B-A18D-4266-AF36-FC2911CA1394}.Debug|Any CPU.Build.0 = Debug|Any CPU
		{837C879B-A18D-4266-AF36-FC2911CA1394}.Release|Any CPU.ActiveCfg = Release|Any CPU
		{837C879B-A18D-4266-AF36-FC2911CA1394}.Release|Any CPU.Build.0 = Release|Any CPU
	EndGlobalSection
	GlobalSection(SolutionProperties) = preSolution
		HideSolutionNode = FALSE
	EndGlobalSection
	GlobalSection(ExtensibilityGlobals) = postSolution
		SolutionGuid = {992261FF-2606-4539-A43B-EF9A9CD2BB9A}
	EndGlobalSection
EndGlobal
